
Microsoft Visual Studio Solution File, Format Version 12.00
# Visual Studio Version 17
VisualStudioVersion = 17.6.33829.357
MinimumVisualStudioVersion = 10.0.40219.1
Project("{FAE04EC0-301F-11D3-BF4B-00C04F79EFBC}") = "DijkstraAlgorithm", "DijkstraAlgorithm\DijkstraAlgorithm.csproj", "{D9005D7B-C6FD-46C4-BC61-9095B3D8FFF9}"
EndProject
Global
	GlobalSection(SolutionConfigurationPlatforms) = preSolution
		Debug|Any CPU = Debug|Any CPU
		Release|Any CPU = Release|Any CPU
	EndGlobalSection
	GlobalSection(ProjectConfigurationPlatforms) = postSolution
		{D9005D7B-C6FD-46C4-BC61-9095B3D8FFF9}.Debug|Any CPU.ActiveCfg = Debug|Any CPU
		{D9005D7B-C6FD-46C4-BC61-9095B3D8FFF9}.Debug|Any CPU.Build.0 = Debug|Any CPU
		{D9005D7B-C6FD-46C4-BC61-9095B3D8FFF9}.Release|Any CPU.ActiveCfg = Release|Any CPU
		{D9005D7B-C6FD-46C4-BC61-9095B3D8FFF9}.Release|Any CPU.Build.0 = Release|Any CPU
	EndGlobalSection
	GlobalSection(SolutionProperties) = preSolution
		HideSolutionNode = FALSE
	EndGlobalSection
	GlobalSection(ExtensibilityGlobals) = postSolution
		SolutionGuid = {465FEC62-2EC5-4226-8600-63BAA8129888}
	EndGlobalSection
EndGlobal
